# This file is automatically @generated by Cargo.
# It is not intended for manual editing.
version = 4

[[package]]
name = "core"
version = "0.1.0"

[[package]]
name = "logger"
version = "0.1.0"
dependencies = [
 "core",
]

[[package]]
name = "master"
version = "0.1.0"
dependencies = [
 "core",
]

[[package]]
name = "runner"
version = "0.1.0"

[[package]]
name = "tester"
version = "0.1.0"
dependencies = [
 "core",
]
